{
	"name": "tutorial",
	"version": "0.0.1",
	"lockfileVersion": 3,
	"requires": true,
	"packages": {
		"": {
			"name": "tutorial",
			"version": "0.0.1",
			"dependencies": {
				"@floating-ui/dom": "^1.6.13",
				"@sveltejs/vite-plugin-svelte": "^5.0.3",
				"axios": "^1.9.0",
				"esbuild": "^0.25.3",
				"flowbite": "^3.1.2",
				"flowbite-svelte": "^0.48.6",
				"flowbite-svelte-icons": "^2.1.1",
				"jwt-decode": "^4.0.0"
			},
			"devDependencies": {
				"@rollup/wasm-node": "^4.25.0",
				"@sveltejs/adapter-auto": "^6.0.0",
				"@sveltejs/kit": "^2.20.0",
				"esbuild-wasm": "^0.21.5",
				"svelte": "^5.0.0",
				"vite": "^6"
			}
		},
		"node_modules/@ampproject/remapping": {
			"version": "2.3.0",
			"license": "Apache-2.0",
			"dependencies": {
				"@jridgewell/gen-mapping": "^0.3.5",
				"@jridgewell/trace-mapping": "^0.3.24"
			},
			"engines": {
				"node": ">=6.0.0"
			}
		},
		"node_modules/@esbuild/darwin-arm64": {
			"version": "0.25.3",
			"cpu": [
				"arm64"
			],
			"license": "MIT",
			"optional": true,
			"os": [
				"darwin"
			],
			"engines": {
				"node": ">=18"
			}
		},
		"node_modules/@floating-ui/core": {
			"version": "1.7.0",
			"license": "MIT",
			"dependencies": {
				"@floating-ui/utils": "^0.2.9"
			}
		},
		"node_modules/@floating-ui/dom": {
			"version": "1.7.0",
			"license": "MIT",
			"dependencies": {
				"@floating-ui/core": "^1.7.0",
				"@floating-ui/utils": "^0.2.9"
			}
		},
		"node_modules/@floating-ui/utils": {
			"version": "0.2.9",
			"license": "MIT"
		},
		"node_modules/@jridgewell/gen-mapping": {
			"version": "0.3.8",
			"license": "MIT",
			"dependencies": {
				"@jridgewell/set-array": "^1.2.1",
				"@jridgewell/sourcemap-codec": "^1.4.10",
				"@jridgewell/trace-mapping": "^0.3.24"
			},
			"engines": {
				"node": ">=6.0.0"
			}
		},
		"node_modules/@jridgewell/resolve-uri": {
			"version": "3.1.2",
			"license": "MIT",
			"engines": {
				"node": ">=6.0.0"
			}
		},
		"node_modules/@jridgewell/set-array": {
			"version": "1.2.1",
			"license": "MIT",
			"engines": {
				"node": ">=6.0.0"
			}
		},
		"node_modules/@jridgewell/sourcemap-codec": {
			"version": "1.5.0",
			"license": "MIT"
		},
		"node_modules/@jridgewell/trace-mapping": {
			"version": "0.3.25",
			"license": "MIT",
			"dependencies": {
				"@jridgewell/resolve-uri": "^3.1.0",
				"@jridgewell/sourcemap-codec": "^1.4.14"
			}
		},
		"node_modules/@polka/url": {
			"version": "1.0.0-next.29",
			"dev": true,
			"license": "MIT"
		},
		"node_modules/@popperjs/core": {
			"version": "2.11.8",
			"license": "MIT",
			"funding": {
				"type": "opencollective",
				"url": "https://opencollective.com/popperjs"
			}
		},
		"node_modules/@rollup/plugin-node-resolve": {
			"version": "15.3.1",
			"license": "MIT",
			"dependencies": {
				"@rollup/pluginutils": "^5.0.1",
				"@types/resolve": "1.20.2",
				"deepmerge": "^4.2.2",
				"is-module": "^1.0.0",
				"resolve": "^1.22.1"
			},
			"engines": {
				"node": ">=14.0.0"
			},
			"peerDependencies": {
				"rollup": "^2.78.0||^3.0.0||^4.0.0"
			},
			"peerDependenciesMeta": {
				"rollup": {
					"optional": true
				}
			}
		},
		"node_modules/@rollup/pluginutils": {
			"version": "5.1.4",
			"license": "MIT",
			"dependencies": {
				"@types/estree": "^1.0.0",
				"estree-walker": "^2.0.2",
				"picomatch": "^4.0.2"
			},
			"engines": {
				"node": ">=14.0.0"
			},
			"peerDependencies": {
				"rollup": "^1.20.0||^2.0.0||^3.0.0||^4.0.0"
			},
			"peerDependenciesMeta": {
				"rollup": {
					"optional": true
				}
			}
		},
		"node_modules/@rollup/rollup-darwin-arm64": {
			"version": "4.40.1",
			"cpu": [
				"arm64"
			],
			"license": "MIT",
			"optional": true,
			"os": [
				"darwin"
			]
		},
		"node_modules/@rollup/wasm-node": {
			"version": "4.40.1",
			"dev": true,
			"license": "MIT",
			"dependencies": {
				"@types/estree": "1.0.7"
			},
			"bin": {
				"rollup": "dist/bin/rollup"
			},
			"engines": {
				"node": ">=18.0.0",
				"npm": ">=8.0.0"
			},
			"optionalDependencies": {
				"fsevents": "~2.3.2"
			}
		},
		"node_modules/@sveltejs/acorn-typescript": {
			"version": "1.0.5",
			"license": "MIT",
			"peerDependencies": {
				"acorn": "^8.9.0"
			}
		},
		"node_modules/@sveltejs/adapter-auto": {
			"version": "6.0.0",
			"resolved": "https://registry.npmjs.org/@sveltejs/adapter-auto/-/adapter-auto-6.0.0.tgz",
			"integrity": "sha512-7mR2/G7vlXakaOj6QBSG9dwBfTgWjV+UnEMB5Z6Xu0ZbdXda6c0su1fNkg0ab0zlilSkloMA2NjCna02/DR7sA==",
			"dev": true,
			"license": "MIT",
			"dependencies": {
				"import-meta-resolve": "^4.1.0"
			},
			"peerDependencies": {
				"@sveltejs/kit": "^2.0.0"
			}
		},
		"node_modules/@sveltejs/kit": {
			"version": "2.20.8",
			"dev": true,
			"license": "MIT",
			"dependencies": {
				"@types/cookie": "^0.6.0",
				"cookie": "^0.6.0",
				"devalue": "^5.1.0",
				"esm-env": "^1.2.2",
				"import-meta-resolve": "^4.1.0",
				"kleur": "^4.1.5",
				"magic-string": "^0.30.5",
				"mrmime": "^2.0.0",
				"sade": "^1.8.1",
				"set-cookie-parser": "^2.6.0",
				"sirv": "^3.0.0"
			},
			"bin": {
				"svelte-kit": "svelte-kit.js"
			},
			"engines": {
				"node": ">=18.13"
			},
			"peerDependencies": {
				"@sveltejs/vite-plugin-svelte": "^3.0.0 || ^4.0.0-next.1 || ^5.0.0",
				"svelte": "^4.0.0 || ^5.0.0-next.0",
				"vite": "^5.0.3 || ^6.0.0"
			}
		},
		"node_modules/@sveltejs/vite-plugin-svelte": {
			"version": "5.0.3",
			"license": "MIT",
			"dependencies": {
				"@sveltejs/vite-plugin-svelte-inspector": "^4.0.1",
				"debug": "^4.4.0",
				"deepmerge": "^4.3.1",
				"kleur": "^4.1.5",
				"magic-string": "^0.30.15",
				"vitefu": "^1.0.4"
			},
			"engines": {
				"node": "^18.0.0 || ^20.0.0 || >=22"
			},
			"peerDependencies": {
				"svelte": "^5.0.0",
				"vite": "^6.0.0"
			}
		},
		"node_modules/@sveltejs/vite-plugin-svelte-inspector": {
			"version": "4.0.1",
			"license": "MIT",
			"dependencies": {
				"debug": "^4.3.7"
			},
			"engines": {
				"node": "^18.0.0 || ^20.0.0 || >=22"
			},
			"peerDependencies": {
				"@sveltejs/vite-plugin-svelte": "^5.0.0",
				"svelte": "^5.0.0",
				"vite": "^6.0.0"
			}
		},
		"node_modules/@types/cookie": {
			"version": "0.6.0",
			"dev": true,
			"license": "MIT"
		},
		"node_modules/@types/estree": {
			"version": "1.0.7",
			"license": "MIT"
		},
		"node_modules/@types/resolve": {
			"version": "1.20.2",
			"license": "MIT"
		},
		"node_modules/@yr/monotone-cubic-spline": {
			"version": "1.0.3",
			"license": "MIT"
		},
		"node_modules/acorn": {
			"version": "8.14.1",
			"license": "MIT",
			"bin": {
				"acorn": "bin/acorn"
			},
			"engines": {
				"node": ">=0.4.0"
			}
		},
		"node_modules/apexcharts": {
			"version": "3.54.1",
			"license": "MIT",
			"dependencies": {
				"@yr/monotone-cubic-spline": "^1.0.3",
				"svg.draggable.js": "^2.2.2",
				"svg.easing.js": "^2.0.0",
				"svg.filter.js": "^2.0.2",
				"svg.pathmorphing.js": "^0.1.3",
				"svg.resize.js": "^1.4.3",
				"svg.select.js": "^3.0.1"
			}
		},
		"node_modules/aria-query": {
			"version": "5.3.2",
			"license": "Apache-2.0",
			"engines": {
				"node": ">= 0.4"
			}
		},
		"node_modules/asynckit": {
			"version": "0.4.0",
			"license": "MIT"
		},
		"node_modules/axios": {
			"version": "1.9.0",
			"license": "MIT",
			"dependencies": {
				"follow-redirects": "^1.15.6",
				"form-data": "^4.0.0",
				"proxy-from-env": "^1.1.0"
			}
		},
		"node_modules/axobject-query": {
			"version": "4.1.0",
			"license": "Apache-2.0",
			"engines": {
				"node": ">= 0.4"
			}
		},
		"node_modules/call-bind-apply-helpers": {
			"version": "1.0.2",
			"license": "MIT",
			"dependencies": {
				"es-errors": "^1.3.0",
				"function-bind": "^1.1.2"
			},
			"engines": {
				"node": ">= 0.4"
			}
		},
		"node_modules/clsx": {
			"version": "2.1.1",
			"license": "MIT",
			"engines": {
				"node": ">=6"
			}
		},
		"node_modules/combined-stream": {
			"version": "1.0.8",
			"license": "MIT",
			"dependencies": {
				"delayed-stream": "~1.0.0"
			},
			"engines": {
				"node": ">= 0.8"
			}
		},
		"node_modules/cookie": {
			"version": "0.6.0",
			"dev": true,
			"license": "MIT",
			"engines": {
				"node": ">= 0.6"
			}
		},
		"node_modules/debug": {
			"version": "4.4.0",
			"license": "MIT",
			"dependencies": {
				"ms": "^2.1.3"
			},
			"engines": {
				"node": ">=6.0"
			},
			"peerDependenciesMeta": {
				"supports-color": {
					"optional": true
				}
			}
		},
		"node_modules/deepmerge": {
			"version": "4.3.1",
			"license": "MIT",
			"engines": {
				"node": ">=0.10.0"
			}
		},
		"node_modules/delayed-stream": {
			"version": "1.0.0",
			"license": "MIT",
			"engines": {
				"node": ">=0.4.0"
			}
		},
		"node_modules/devalue": {
			"version": "5.1.1",
			"dev": true,
			"license": "MIT"
		},
		"node_modules/dunder-proto": {
			"version": "1.0.1",
			"license": "MIT",
			"dependencies": {
				"call-bind-apply-helpers": "^1.0.1",
				"es-errors": "^1.3.0",
				"gopd": "^1.2.0"
			},
			"engines": {
				"node": ">= 0.4"
			}
		},
		"node_modules/es-define-property": {
			"version": "1.0.1",
			"license": "MIT",
			"engines": {
				"node": ">= 0.4"
			}
		},
		"node_modules/es-errors": {
			"version": "1.3.0",
			"license": "MIT",
			"engines": {
				"node": ">= 0.4"
			}
		},
		"node_modules/es-object-atoms": {
			"version": "1.1.1",
			"license": "MIT",
			"dependencies": {
				"es-errors": "^1.3.0"
			},
			"engines": {
				"node": ">= 0.4"
			}
		},
		"node_modules/es-set-tostringtag": {
			"version": "2.1.0",
			"license": "MIT",
			"dependencies": {
				"es-errors": "^1.3.0",
				"get-intrinsic": "^1.2.6",
				"has-tostringtag": "^1.0.2",
				"hasown": "^2.0.2"
			},
			"engines": {
				"node": ">= 0.4"
			}
		},
		"node_modules/esbuild": {
			"version": "0.25.3",
			"hasInstallScript": true,
			"license": "MIT",
			"bin": {
				"esbuild": "bin/esbuild"
			},
			"engines": {
				"node": ">=18"
			},
			"optionalDependencies": {
				"@esbuild/aix-ppc64": "0.25.3",
				"@esbuild/android-arm": "0.25.3",
				"@esbuild/android-arm64": "0.25.3",
				"@esbuild/android-x64": "0.25.3",
				"@esbuild/darwin-arm64": "0.25.3",
				"@esbuild/darwin-x64": "0.25.3",
				"@esbuild/freebsd-arm64": "0.25.3",
				"@esbuild/freebsd-x64": "0.25.3",
				"@esbuild/linux-arm": "0.25.3",
				"@esbuild/linux-arm64": "0.25.3",
				"@esbuild/linux-ia32": "0.25.3",
				"@esbuild/linux-loong64": "0.25.3",
				"@esbuild/linux-mips64el": "0.25.3",
				"@esbuild/linux-ppc64": "0.25.3",
				"@esbuild/linux-riscv64": "0.25.3",
				"@esbuild/linux-s390x": "0.25.3",
				"@esbuild/linux-x64": "0.25.3",
				"@esbuild/netbsd-arm64": "0.25.3",
				"@esbuild/netbsd-x64": "0.25.3",
				"@esbuild/openbsd-arm64": "0.25.3",
				"@esbuild/openbsd-x64": "0.25.3",
				"@esbuild/sunos-x64": "0.25.3",
				"@esbuild/win32-arm64": "0.25.3",
				"@esbuild/win32-ia32": "0.25.3",
				"@esbuild/win32-x64": "0.25.3"
			}
		},
		"node_modules/esbuild-wasm": {
			"version": "0.21.5",
			"dev": true,
			"license": "MIT",
			"bin": {
				"esbuild": "bin/esbuild"
			},
			"engines": {
				"node": ">=12"
			}
		},
		"node_modules/esm-env": {
			"version": "1.2.2",
			"license": "MIT"
		},
		"node_modules/esrap": {
			"version": "1.4.6",
			"license": "MIT",
			"dependencies": {
				"@jridgewell/sourcemap-codec": "^1.4.15"
			}
		},
		"node_modules/estree-walker": {
			"version": "2.0.2",
			"license": "MIT"
		},
		"node_modules/fdir": {
			"version": "6.4.4",
			"license": "MIT",
			"peerDependencies": {
				"picomatch": "^3 || ^4"
			},
			"peerDependenciesMeta": {
				"picomatch": {
					"optional": true
				}
			}
		},
		"node_modules/flowbite": {
			"version": "3.1.2",
			"license": "MIT",
			"dependencies": {
				"@popperjs/core": "^2.9.3",
				"flowbite-datepicker": "^1.3.1",
				"mini-svg-data-uri": "^1.4.3",
				"postcss": "^8.5.1"
			}
		},
		"node_modules/flowbite-datepicker": {
			"version": "1.3.2",
			"license": "MIT",
			"dependencies": {
				"@rollup/plugin-node-resolve": "^15.2.3",
				"flowbite": "^2.0.0"
			}
		},
		"node_modules/flowbite-datepicker/node_modules/flowbite": {
			"version": "2.5.2",
			"license": "MIT",
			"dependencies": {
				"@popperjs/core": "^2.9.3",
				"flowbite-datepicker": "^1.3.0",
				"mini-svg-data-uri": "^1.4.3"
			}
		},
		"node_modules/flowbite-svelte": {
			"version": "0.48.6",
			"license": "MIT",
			"dependencies": {
				"@floating-ui/dom": "^1.6.13",
				"apexcharts": "^3.54.1",
				"flowbite": "^3.1.2",
				"tailwind-merge": "^3.0.1"
			},
			"peerDependencies": {
				"svelte": "^3.55.1 || ^4.0.0 || ^5.0.0"
			}
		},
		"node_modules/flowbite-svelte-icons": {
			"version": "2.1.1",
			"license": "MIT",
			"peerDependencies": {
				"svelte": "^5.0.0",
				"tailwind-merge": "^3.0.0"
			}
		},
		"node_modules/follow-redirects": {
			"version": "1.15.9",
			"funding": [
				{
					"type": "individual",
					"url": "https://github.com/sponsors/RubenVerborgh"
				}
			],
			"license": "MIT",
			"engines": {
				"node": ">=4.0"
			},
			"peerDependenciesMeta": {
				"debug": {
					"optional": true
				}
			}
		},
		"node_modules/form-data": {
			"version": "4.0.2",
			"license": "MIT",
			"dependencies": {
				"asynckit": "^0.4.0",
				"combined-stream": "^1.0.8",
				"es-set-tostringtag": "^2.1.0",
				"mime-types": "^2.1.12"
			},
			"engines": {
				"node": ">= 6"
			}
		},
		"node_modules/fsevents": {
			"version": "2.3.3",
			"license": "MIT",
			"optional": true,
			"os": [
				"darwin"
			],
			"engines": {
				"node": "^8.16.0 || ^10.6.0 || >=11.0.0"
			}
		},
		"node_modules/function-bind": {
			"version": "1.1.2",
			"license": "MIT",
			"funding": {
				"url": "https://github.com/sponsors/ljharb"
			}
		},
		"node_modules/get-intrinsic": {
			"version": "1.3.0",
			"license": "MIT",
			"dependencies": {
				"call-bind-apply-helpers": "^1.0.2",
				"es-define-property": "^1.0.1",
				"es-errors": "^1.3.0",
				"es-object-atoms": "^1.1.1",
				"function-bind": "^1.1.2",
				"get-proto": "^1.0.1",
				"gopd": "^1.2.0",
				"has-symbols": "^1.1.0",
				"hasown": "^2.0.2",
				"math-intrinsics": "^1.1.0"
			},
			"engines": {
				"node": ">= 0.4"
			},
			"funding": {
				"url": "https://github.com/sponsors/ljharb"
			}
		},
		"node_modules/get-proto": {
			"version": "1.0.1",
			"license": "MIT",
			"dependencies": {
				"dunder-proto": "^1.0.1",
				"es-object-atoms": "^1.0.0"
			},
			"engines": {
				"node": ">= 0.4"
			}
		},
		"node_modules/gopd": {
			"version": "1.2.0",
			"license": "MIT",
			"engines": {
				"node": ">= 0.4"
			},
			"funding": {
				"url": "https://github.com/sponsors/ljharb"
			}
		},
		"node_modules/has-symbols": {
			"version": "1.1.0",
			"license": "MIT",
			"engines": {
				"node": ">= 0.4"
			},
			"funding": {
				"url": "https://github.com/sponsors/ljharb"
			}
		},
		"node_modules/has-tostringtag": {
			"version": "1.0.2",
			"license": "MIT",
			"dependencies": {
				"has-symbols": "^1.0.3"
			},
			"engines": {
				"node": ">= 0.4"
			},
			"funding": {
				"url": "https://github.com/sponsors/ljharb"
			}
		},
		"node_modules/hasown": {
			"version": "2.0.2",
			"license": "MIT",
			"dependencies": {
				"function-bind": "^1.1.2"
			},
			"engines": {
				"node": ">= 0.4"
			}
		},
		"node_modules/import-meta-resolve": {
			"version": "4.1.0",
			"dev": true,
			"license": "MIT",
			"funding": {
				"type": "github",
				"url": "https://github.com/sponsors/wooorm"
			}
		},
		"node_modules/is-core-module": {
			"version": "2.16.1",
			"license": "MIT",
			"dependencies": {
				"hasown": "^2.0.2"
			},
			"engines": {
				"node": ">= 0.4"
			},
			"funding": {
				"url": "https://github.com/sponsors/ljharb"
			}
		},
		"node_modules/is-module": {
			"version": "1.0.0",
			"license": "MIT"
		},
		"node_modules/is-reference": {
			"version": "3.0.3",
			"license": "MIT",
			"dependencies": {
				"@types/estree": "^1.0.6"
			}
		},
		"node_modules/jwt-decode": {
			"version": "4.0.0",
			"license": "MIT",
			"engines": {
				"node": ">=18"
			}
		},
		"node_modules/kleur": {
			"version": "4.1.5",
			"license": "MIT",
			"engines": {
				"node": ">=6"
			}
		},
		"node_modules/locate-character": {
			"version": "3.0.0",
			"license": "MIT"
		},
		"node_modules/magic-string": {
			"version": "0.30.17",
			"license": "MIT",
			"dependencies": {
				"@jridgewell/sourcemap-codec": "^1.5.0"
			}
		},
		"node_modules/math-intrinsics": {
			"version": "1.1.0",
			"license": "MIT",
			"engines": {
				"node": ">= 0.4"
			}
		},
		"node_modules/mime-db": {
			"version": "1.52.0",
			"license": "MIT",
			"engines": {
				"node": ">= 0.6"
			}
		},
		"node_modules/mime-types": {
			"version": "2.1.35",
			"license": "MIT",
			"dependencies": {
				"mime-db": "1.52.0"
			},
			"engines": {
				"node": ">= 0.6"
			}
		},
		"node_modules/mini-svg-data-uri": {
			"version": "1.4.4",
			"license": "MIT",
			"bin": {
				"mini-svg-data-uri": "cli.js"
			}
		},
		"node_modules/mri": {
			"version": "1.2.0",
			"dev": true,
			"license": "MIT",
			"engines": {
				"node": ">=4"
			}
		},
		"node_modules/mrmime": {
			"version": "2.0.1",
			"dev": true,
			"license": "MIT",
			"engines": {
				"node": ">=10"
			}
		},
		"node_modules/ms": {
			"version": "2.1.3",
			"license": "MIT"
		},
		"node_modules/nanoid": {
			"version": "3.3.11",
			"funding": [
				{
					"type": "github",
					"url": "https://github.com/sponsors/ai"
				}
			],
			"license": "MIT",
			"bin": {
				"nanoid": "bin/nanoid.cjs"
			},
			"engines": {
				"node": "^10 || ^12 || ^13.7 || ^14 || >=15.0.1"
			}
		},
		"node_modules/path-parse": {
			"version": "1.0.7",
			"license": "MIT"
		},
		"node_modules/picocolors": {
			"version": "1.1.1",
			"license": "ISC"
		},
		"node_modules/picomatch": {
			"version": "4.0.2",
			"license": "MIT",
			"engines": {
				"node": ">=12"
			},
			"funding": {
				"url": "https://github.com/sponsors/jonschlinkert"
			}
		},
		"node_modules/postcss": {
			"version": "8.5.3",
			"funding": [
				{
					"type": "opencollective",
					"url": "https://opencollective.com/postcss/"
				},
				{
					"type": "tidelift",
					"url": "https://tidelift.com/funding/github/npm/postcss"
				},
				{
					"type": "github",
					"url": "https://github.com/sponsors/ai"
				}
			],
			"license": "MIT",
			"dependencies": {
				"nanoid": "^3.3.8",
				"picocolors": "^1.1.1",
				"source-map-js": "^1.2.1"
			},
			"engines": {
				"node": "^10 || ^12 || >=14"
			}
		},
		"node_modules/proxy-from-env": {
			"version": "1.1.0",
			"license": "MIT"
		},
		"node_modules/resolve": {
			"version": "1.22.10",
			"license": "MIT",
			"dependencies": {
				"is-core-module": "^2.16.0",
				"path-parse": "^1.0.7",
				"supports-preserve-symlinks-flag": "^1.0.0"
			},
			"bin": {
				"resolve": "bin/resolve"
			},
			"engines": {
				"node": ">= 0.4"
			},
			"funding": {
				"url": "https://github.com/sponsors/ljharb"
			}
		},
		"node_modules/rollup": {
			"version": "4.40.1",
			"license": "MIT",
			"dependencies": {
				"@types/estree": "1.0.7"
			},
			"bin": {
				"rollup": "dist/bin/rollup"
			},
			"engines": {
				"node": ">=18.0.0",
				"npm": ">=8.0.0"
			},
			"optionalDependencies": {
				"@rollup/rollup-android-arm-eabi": "4.40.1",
				"@rollup/rollup-android-arm64": "4.40.1",
				"@rollup/rollup-darwin-arm64": "4.40.1",
				"@rollup/rollup-darwin-x64": "4.40.1",
				"@rollup/rollup-freebsd-arm64": "4.40.1",
				"@rollup/rollup-freebsd-x64": "4.40.1",
				"@rollup/rollup-linux-arm-gnueabihf": "4.40.1",
				"@rollup/rollup-linux-arm-musleabihf": "4.40.1",
				"@rollup/rollup-linux-arm64-gnu": "4.40.1",
				"@rollup/rollup-linux-arm64-musl": "4.40.1",
				"@rollup/rollup-linux-loongarch64-gnu": "4.40.1",
				"@rollup/rollup-linux-powerpc64le-gnu": "4.40.1",
				"@rollup/rollup-linux-riscv64-gnu": "4.40.1",
				"@rollup/rollup-linux-riscv64-musl": "4.40.1",
				"@rollup/rollup-linux-s390x-gnu": "4.40.1",
				"@rollup/rollup-linux-x64-gnu": "4.40.1",
				"@rollup/rollup-linux-x64-musl": "4.40.1",
				"@rollup/rollup-win32-arm64-msvc": "4.40.1",
				"@rollup/rollup-win32-ia32-msvc": "4.40.1",
				"@rollup/rollup-win32-x64-msvc": "4.40.1",
				"fsevents": "~2.3.2"
			}
		},
		"node_modules/sade": {
			"version": "1.8.1",
			"dev": true,
			"license": "MIT",
			"dependencies": {
				"mri": "^1.1.0"
			},
			"engines": {
				"node": ">=6"
			}
		},
		"node_modules/set-cookie-parser": {
			"version": "2.7.1",
			"dev": true,
			"license": "MIT"
		},
		"node_modules/sirv": {
			"version": "3.0.1",
			"dev": true,
			"license": "MIT",
			"dependencies": {
				"@polka/url": "^1.0.0-next.24",
				"mrmime": "^2.0.0",
				"totalist": "^3.0.0"
			},
			"engines": {
				"node": ">=18"
			}
		},
		"node_modules/source-map-js": {
			"version": "1.2.1",
			"license": "BSD-3-Clause",
			"engines": {
				"node": ">=0.10.0"
			}
		},
		"node_modules/supports-preserve-symlinks-flag": {
			"version": "1.0.0",
			"license": "MIT",
			"engines": {
				"node": ">= 0.4"
			},
			"funding": {
				"url": "https://github.com/sponsors/ljharb"
			}
		},
		"node_modules/svelte": {
			"version": "5.28.2",
			"license": "MIT",
			"dependencies": {
				"@ampproject/remapping": "^2.3.0",
				"@jridgewell/sourcemap-codec": "^1.5.0",
				"@sveltejs/acorn-typescript": "^1.0.5",
				"@types/estree": "^1.0.5",
				"acorn": "^8.12.1",
				"aria-query": "^5.3.1",
				"axobject-query": "^4.1.0",
				"clsx": "^2.1.1",
				"esm-env": "^1.2.1",
				"esrap": "^1.4.6",
				"is-reference": "^3.0.3",
				"locate-character": "^3.0.0",
				"magic-string": "^0.30.11",
				"zimmerframe": "^1.1.2"
			},
			"engines": {
				"node": ">=18"
			}
		},
		"node_modules/svg.draggable.js": {
			"version": "2.2.2",
			"license": "MIT",
			"dependencies": {
				"svg.js": "^2.0.1"
			},
			"engines": {
				"node": ">= 0.8.0"
			}
		},
		"node_modules/svg.easing.js": {
			"version": "2.0.0",
			"license": "MIT",
			"dependencies": {
				"svg.js": ">=2.3.x"
			},
			"engines": {
				"node": ">= 0.8.0"
			}
		},
		"node_modules/svg.filter.js": {
			"version": "2.0.2",
			"license": "MIT",
			"dependencies": {
				"svg.js": "^2.2.5"
			},
			"engines": {
				"node": ">= 0.8.0"
			}
		},
		"node_modules/svg.js": {
			"version": "2.7.1",
			"license": "MIT"
		},
		"node_modules/svg.pathmorphing.js": {
			"version": "0.1.3",
			"license": "MIT",
			"dependencies": {
				"svg.js": "^2.4.0"
			},
			"engines": {
				"node": ">= 0.8.0"
			}
		},
		"node_modules/svg.resize.js": {
			"version": "1.4.3",
			"license": "MIT",
			"dependencies": {
				"svg.js": "^2.6.5",
				"svg.select.js": "^2.1.2"
			},
			"engines": {
				"node": ">= 0.8.0"
			}
		},
		"node_modules/svg.resize.js/node_modules/svg.select.js": {
			"version": "2.1.2",
			"license": "MIT",
			"dependencies": {
				"svg.js": "^2.2.5"
			},
			"engines": {
				"node": ">= 0.8.0"
			}
		},
		"node_modules/svg.select.js": {
			"version": "3.0.1",
			"license": "MIT",
			"dependencies": {
				"svg.js": "^2.6.5"
			},
			"engines": {
				"node": ">= 0.8.0"
			}
		},
		"node_modules/tailwind-merge": {
			"version": "3.2.0",
			"license": "MIT",
			"funding": {
				"type": "github",
				"url": "https://github.com/sponsors/dcastil"
			}
		},
		"node_modules/tinyglobby": {
			"version": "0.2.13",
			"license": "MIT",
			"dependencies": {
				"fdir": "^6.4.4",
				"picomatch": "^4.0.2"
			},
			"engines": {
				"node": ">=12.0.0"
			},
			"funding": {
				"url": "https://github.com/sponsors/SuperchupuDev"
			}
		},
		"node_modules/totalist": {
			"version": "3.0.1",
			"dev": true,
			"license": "MIT",
			"engines": {
				"node": ">=6"
			}
		},
		"node_modules/vite": {
			"version": "6.3.5",
			"license": "MIT",
			"dependencies": {
				"esbuild": "^0.25.0",
				"fdir": "^6.4.4",
				"picomatch": "^4.0.2",
				"postcss": "^8.5.3",
				"rollup": "^4.34.9",
				"tinyglobby": "^0.2.13"
			},
			"bin": {
				"vite": "bin/vite.js"
			},
			"engines": {
				"node": "^18.0.0 || ^20.0.0 || >=22.0.0"
			},
			"funding": {
				"url": "https://github.com/vitejs/vite?sponsor=1"
			},
			"optionalDependencies": {
				"fsevents": "~2.3.3"
			},
			"peerDependencies": {
				"@types/node": "^18.0.0 || ^20.0.0 || >=22.0.0",
				"jiti": ">=1.21.0",
				"less": "*",
				"lightningcss": "^1.21.0",
				"sass": "*",
				"sass-embedded": "*",
				"stylus": "*",
				"sugarss": "*",
				"terser": "^5.16.0",
				"tsx": "^4.8.1",
				"yaml": "^2.4.2"
			},
			"peerDependenciesMeta": {
				"@types/node": {
					"optional": true
				},
				"jiti": {
					"optional": true
				},
				"less": {
					"optional": true
				},
				"lightningcss": {
					"optional": true
				},
				"sass": {
					"optional": true
				},
				"sass-embedded": {
					"optional": true
				},
				"stylus": {
					"optional": true
				},
				"sugarss": {
					"optional": true
				},
				"terser": {
					"optional": true
				},
				"tsx": {
					"optional": true
				},
				"yaml": {
					"optional": true
				}
			}
		},
		"node_modules/vitefu": {
			"version": "1.0.6",
			"license": "MIT",
			"workspaces": [
				"tests/deps/*",
				"tests/projects/*"
			],
			"peerDependencies": {
				"vite": "^3.0.0 || ^4.0.0 || ^5.0.0 || ^6.0.0"
			},
			"peerDependenciesMeta": {
				"vite": {
					"optional": true
				}
			}
		},
		"node_modules/zimmerframe": {
			"version": "1.1.2",
			"license": "MIT"
		}
	}
}
